{
  "name": "azure",
  "version": "1.0.0",
  "lockfileVersion": 3,
  "requires": true,
  "packages": {
    "": {
      "name": "azure",
      "version": "1.0.0",
      "license": "ISC",
      "dependencies": {
        "@semantic-kernel/azureopenai": "file:../../src/azureopenai",
        "semantic-kernel": "file:../../src/semantic-kernel"
      }
    },
    "../../src/azureopenai": {
      "name": "@semantic-kernel/azureopenai",
      "version": "0.1.0",
      "dependencies": {
        "@semantic-kernel/abstractions": "*",
        "openai": "^4.56.0"
      },
      "devDependencies": {
        "@semantic-kernel/tsconfig": "*",
        "tsup": "^8.2.4",
        "typescript": "^5.5.4"
      }
    },
    "../../src/semantic-kernel": {
      "version": "0.1.0",
      "license": "MIT",
      "dependencies": {
        "@semantic-kernel/abstractions": "*"
      },
      "devDependencies": {
        "@semantic-kernel/tsconfig": "*",
        "tsup": "^8.2.4",
        "typescript": "^5.5.4"
      }
    },
    "node_modules/@semantic-kernel/azureopenai": {
      "resolved": "../../src/azureopenai",
      "link": true
    },
    "node_modules/semantic-kernel": {
      "resolved": "../../src/semantic-kernel",
      "link": true
    }
  }
}
